
Microsoft Visual Studio Solution File, Format Version 12.00
# Visual Studio Version 16
VisualStudioVersion = 16.0.33214.272
MinimumVisualStudioVersion = 10.0.40219.1
Project("{FAE04EC0-301F-11D3-BF4B-00C04F79EFBC}") = "hada-p2", "hada-p2\hada-p2.csproj", "{6AE47ED2-EA6C-4A8D-99A5-2C71546DCE2B}"
EndProject
Global
	GlobalSection(SolutionConfigurationPlatforms) = preSolution
		Debug|Any CPU = Debug|Any CPU
		Release|Any CPU = Release|Any CPU
	EndGlobalSection
	GlobalSection(ProjectConfigurationPlatforms) = postSolution
		{6AE47ED2-EA6C-4A8D-99A5-2C71546DCE2B}.Debug|Any CPU.ActiveCfg = Debug|Any CPU
		{6AE47ED2-EA6C-4A8D-99A5-2C71546DCE2B}.Debug|Any CPU.Build.0 = Debug|Any CPU
		{6AE47ED2-EA6C-4A8D-99A5-2C71546DCE2B}.Release|Any CPU.ActiveCfg = Release|Any CPU
		{6AE47ED2-EA6C-4A8D-99A5-2C71546DCE2B}.Release|Any CPU.Build.0 = Release|Any CPU
	EndGlobalSection
	GlobalSection(SolutionProperties) = preSolution
		HideSolutionNode = FALSE
	EndGlobalSection
	GlobalSection(ExtensibilityGlobals) = postSolution
		SolutionGuid = {4CC10EEE-CD80-48C5-BA31-CAB9EEE37319}
	EndGlobalSection
EndGlobal
